PODS:
  - Ads-Fusion-CN-Beta (6.4.2.7):
    - Ads-Fusion-CN-Beta/BUAdSDK (= 6.4.2.7)
  - Ads-Fusion-CN-Beta/BUAdSDK (6.4.2.7)
  - Ads-Fusion-CN-Beta/CSJMediation (6.4.2.7):
    - Ads-Fusion-CN-Beta/BUAdSDK
  - BaiduMobAdSDK (5.371)
  - BeiZiSDK-iOS/BeiZiSDK-iOS (4.90.4.32)
  - CSJMAdmobAdapter (10.0.0.0):
    - Ads-Fusion-CN-Beta/CSJMediation (>= 5.1.6.0)
  - CSJMBaiduAdapter (5.34.0):
    - Ads-Fusion-CN-Beta/CSJMediation (>= 6.0.0.5)
  - CSJMGdtAdapter (4.14.63.0):
    - Ads-Fusion-CN-Beta/CSJMediation (>= 6.0.0.2)
  - CSJMKlevinAdapter (2.11.0.211.1):
    - Ads-Fusion-CN-Beta/CSJMediation (>= 5.1.6.0)
  - CSJMKsAdapter (3.3.61.0.0):
    - Ads-Fusion-CN-Beta/CSJMediation (>= 6.0.0.2)
  - CSJMMintegralAdapter (7.5.5.0):
    - Ads-Fusion-CN-Beta/CSJMediation (>= 6.0.0.2)
  - CSJMSigmobAdapter (4.11.1.0):
    - Ads-Fusion-CN-Beta/CSJMediation (>= 5.9.0.7)
  - CSJMUnityAdapter (4.3.0.0):
    - Ads-Fusion-CN-Beta/CSJMediation (>= 5.1.6.0)
  - GDTMobSDK (4.15.10)
  - KSAdSDK (3.3.69.3)
  - Masonry (1.1.0)
  - MintegralAdSDK (7.4.8):
    - MintegralAdSDK/BannerAd (= 7.4.8)
    - MintegralAdSDK/BidBannerAd (= 7.4.8)
    - MintegralAdSDK/BidInterstitialVideoAd (= 7.4.8)
    - MintegralAdSDK/BidNativeAd (= 7.4.8)
    - MintegralAdSDK/BidNewInterstitialAd (= 7.4.8)
    - MintegralAdSDK/BidRewardVideoAd (= 7.4.8)
    - MintegralAdSDK/InterstitialVideoAd (= 7.4.8)
    - MintegralAdSDK/NativeAd (= 7.4.8)
    - MintegralAdSDK/NewInterstitialAd (= 7.4.8)
    - MintegralAdSDK/RewardVideoAd (= 7.4.8)
  - MintegralAdSDK/BannerAd (7.4.8):
    - MintegralAdSDK/NativeAd
  - MintegralAdSDK/BidBannerAd (7.4.8):
    - MintegralAdSDK/BannerAd
    - MintegralAdSDK/BidNativeAd
  - MintegralAdSDK/BidInterstitialVideoAd (7.4.8):
    - MintegralAdSDK/BidNativeAd
    - MintegralAdSDK/InterstitialVideoAd
  - MintegralAdSDK/BidNativeAd (7.4.8):
    - MintegralAdSDK/NativeAd
  - MintegralAdSDK/BidNewInterstitialAd (7.4.8):
    - MintegralAdSDK/BidNativeAd
    - MintegralAdSDK/NewInterstitialAd
  - MintegralAdSDK/BidRewardVideoAd (7.4.8):
    - MintegralAdSDK/BidNativeAd
    - MintegralAdSDK/RewardVideoAd
  - MintegralAdSDK/InterstitialAd (7.4.8):
    - MintegralAdSDK/NativeAd
  - MintegralAdSDK/InterstitialVideoAd (7.4.8):
    - MintegralAdSDK/NativeAd
  - MintegralAdSDK/NativeAd (7.4.8)
  - MintegralAdSDK/NativeAdvancedAd (7.4.8):
    - MintegralAdSDK/NativeAd
  - MintegralAdSDK/NewInterstitialAd (7.4.8):
    - MintegralAdSDK/InterstitialVideoAd
    - MintegralAdSDK/NativeAd
  - MintegralAdSDK/RewardVideoAd (7.4.8):
    - MintegralAdSDK/NativeAd
  - MintegralAdSDK/SplashAd (7.4.8):
    - MintegralAdSDK/NativeAd
  - ToBid-iOS (4.1.0):
    - ToBid-iOS/ToBidSDK (= 4.1.0)
  - ToBid-iOS/ToBidSDK (4.1.0)
  - "UITextView+Placeholder (1.4.0)"
  - WGAdMobile (3.0.6):
    - Ads-Fusion-CN-Beta (~> 6.0)
    - Ads-Fusion-CN-Beta/CSJMediation
    - BaiduMobAdSDK (>= 5.352)
    - BeiZiSDK-iOS/BeiZiSDK-iOS
    - CSJMAdmobAdapter (= 10.0.0.0)
    - CSJMBaiduAdapter (= 5.34.0)
    - CSJMGdtAdapter (= 4.14.63.0)
    - CSJMKlevinAdapter (= 2.11.0.211.1)
    - CSJMKsAdapter (= 3.3.61.0.0)
    - CSJMMintegralAdapter (= 7.5.5.0.0)
    - CSJMSigmobAdapter (= 4.11.1.0)
    - CSJMUnityAdapter (= 4.3.0.0)
    - GDTMobSDK (~> 4.15)
    - KSAdSDK (>= 3.3.61)
    - MintegralAdSDK (~> 7.0)
    - MintegralAdSDK/BannerAd
    - MintegralAdSDK/InterstitialAd
    - MintegralAdSDK/NativeAdvancedAd
    - MintegralAdSDK/RewardVideoAd
    - MintegralAdSDK/SplashAd
    - ToBid-iOS (>= 3.9.0)

DEPENDENCIES:
  - Masonry
  - "UITextView+Placeholder"
  - WGAdMobile (from `../`)

SPEC REPOS:
  trunk:
    - Ads-Fusion-CN-Beta
    - BaiduMobAdSDK
    - BeiZiSDK-iOS
    - CSJMAdmobAdapter
    - CSJMBaiduAdapter
    - CSJMGdtAdapter
    - CSJMKlevinAdapter
    - CSJMKsAdapter
    - CSJMMintegralAdapter
    - CSJMSigmobAdapter
    - CSJMUnityAdapter
    - GDTMobSDK
    - KSAdSDK
    - Masonry
    - MintegralAdSDK
    - ToBid-iOS
    - "UITextView+Placeholder"

EXTERNAL SOURCES:
  WGAdMobile:
    :path: "../"

SPEC CHECKSUMS:
  Ads-Fusion-CN-Beta: 52006501541ca773f1c7f2e12cc134a5452690e3
  BaiduMobAdSDK: 0a7d62ecdd0b25228bb6d3e46770e78bbe58ba34
  BeiZiSDK-iOS: d4c921600bb6ca1b398393367e9cddd030ed325b
  CSJMAdmobAdapter: 5b28964907a769609bf43fd70517b778dc729394
  CSJMBaiduAdapter: 966e2992ad47a3b589a979f295b2a2a2212b0ee2
  CSJMGdtAdapter: af4675b025885fe2a482b91baae2d27e56001510
  CSJMKlevinAdapter: 62fa8a42b313e5c96cf709df6bdbaf7618ba25b4
  CSJMKsAdapter: 78a2ae637a45e3e2c1c307697da357d25ebd5339
  CSJMMintegralAdapter: 8723bf5cd5443466edbc0d58a9ead78965f99203
  CSJMSigmobAdapter: 406a56e0da295fec8b61a8b1e0302b4c56bbd377
  CSJMUnityAdapter: 815716bf55165ddcd50104be2129966ae8773085
  GDTMobSDK: 71e264496ba2ade7d9ce528f4eba1a5424a86654
  KSAdSDK: a43b039755299f770f7fc81cba0ebf64ae4f03a8
  Masonry: 678fab65091a9290e40e2832a55e7ab731aad201
  MintegralAdSDK: ee69f71e371f25c2459315a1f724d13fa119ad88
  ToBid-iOS: d307f20d17fe3d311c0326b4013fd2cf0ac244d7
  "UITextView+Placeholder": d7b0c400921f66523f3a85d74f774512e14f6502
  WGAdMobile: c01d8bad48bc423af28c128f2dae970150a77750

PODFILE CHECKSUM: 078dba25502b390b16355edc17ad0c2fc5a0e729

COCOAPODS: 1.14.3
